
Microsoft Visual Studio Solution File, Format Version 12.00
# Visual Studio Version 17
VisualStudioVersion = 17.8.34511.84
MinimumVisualStudioVersion = 10.0.40219.1
Project("{FAE04EC0-301F-11D3-BF4B-00C04F79EFBC}") = "TestProj", "TestProj\TestProj.csproj", "{00C4D308-BDD6-485D-8126-BAA423EFEA0B}"
EndProject
Project("{E53339B2-1760-4266-BCC7-CA923CBCF16C}") = "docker-compose", "docker-compose.dcproj", "{9CF5C151-EA17-47A4-B8E1-CC5E2CDEAEB5}"
EndProject
Global
	GlobalSection(SolutionConfigurationPlatforms) = preSolution
		Debug|Any CPU = Debug|Any CPU
		Release|Any CPU = Release|Any CPU
	EndGlobalSection
	GlobalSection(ProjectConfigurationPlatforms) = postSolution
		{00C4D308-BDD6-485D-8126-BAA423EFEA0B}.Debug|Any CPU.ActiveCfg = Debug|Any CPU
		{00C4D308-BDD6-485D-8126-BAA423EFEA0B}.Debug|Any CPU.Build.0 = Debug|Any CPU
		{00C4D308-BDD6-485D-8126-BAA423EFEA0B}.Release|Any CPU.ActiveCfg = Release|Any CPU
		{00C4D308-BDD6-485D-8126-BAA423EFEA0B}.Release|Any CPU.Build.0 = Release|Any CPU
		{9CF5C151-EA17-47A4-B8E1-CC5E2CDEAEB5}.Debug|Any CPU.ActiveCfg = Debug|Any CPU
		{9CF5C151-EA17-47A4-B8E1-CC5E2CDEAEB5}.Debug|Any CPU.Build.0 = Debug|Any CPU
		{9CF5C151-EA17-47A4-B8E1-CC5E2CDEAEB5}.Release|Any CPU.ActiveCfg = Release|Any CPU
		{9CF5C151-EA17-47A4-B8E1-CC5E2CDEAEB5}.Release|Any CPU.Build.0 = Release|Any CPU
	EndGlobalSection
	GlobalSection(SolutionProperties) = preSolution
		HideSolutionNode = FALSE
	EndGlobalSection
	GlobalSection(ExtensibilityGlobals) = postSolution
		SolutionGuid = {6BA458A7-BAFD-43E3-88B5-9C3F7EFCF7C1}
	EndGlobalSection
EndGlobal
